
Microsoft Visual Studio Solution File, Format Version 12.00
# Visual Studio 15
VisualStudioVersion = 15.0.28307.1231
MinimumVisualStudioVersion = 10.0.40219.1
Project("{FAE04EC0-301F-11D3-BF4B-00C04F79EFBC}") = "01-Tutorial.Web", "01-Tutorial.Web\01-Tutorial.Web.csproj", "{B380BCE1-DC29-4ED8-866F-B015E03BA942}"
EndProject
Global
	GlobalSection(SolutionConfigurationPlatforms) = preSolution
		Debug|Any CPU = Debug|Any CPU
		Release|Any CPU = Release|Any CPU
	EndGlobalSection
	GlobalSection(ProjectConfigurationPlatforms) = postSolution
		{B380BCE1-DC29-4ED8-866F-B015E03BA942}.Debug|Any CPU.ActiveCfg = Debug|Any CPU
		{B380BCE1-DC29-4ED8-866F-B015E03BA942}.Debug|Any CPU.Build.0 = Debug|Any CPU
		{B380BCE1-DC29-4ED8-866F-B015E03BA942}.Release|Any CPU.ActiveCfg = Release|Any CPU
		{B380BCE1-DC29-4ED8-866F-B015E03BA942}.Release|Any CPU.Build.0 = Release|Any CPU
	EndGlobalSection
	GlobalSection(SolutionProperties) = preSolution
		HideSolutionNode = FALSE
	EndGlobalSection
	GlobalSection(ExtensibilityGlobals) = postSolution
		SolutionGuid = {2F040FF0-2603-4D14-94B4-ADC2F649C097}
	EndGlobalSection
EndGlobal
